{
  "object": {
    "pins": [
      {
        "package": "geos",
        "repositoryURL": "https://github.com/GEOSwift/geos.git",
        "state": {
          "branch": "actions-error-demo",
          "revision": "73e3ef456ff6cc7177d43fa6d6bbe4fe398f60e3",
          "version": null
        }
      }
    ]
  },
  "version": 1
}
