{
  "object": {
    "pins": [
      {
        "package": "ActionsErrorDemoDependency",
        "repositoryURL": "https://github.com/macdrevx/ActionsErrorDemoDependency.git",
        "state": {
          "branch": "main",
          "revision": "2177e33a2b231835debec86e1d3913731f66ce93",
          "version": null
        }
      }
    ]
  },
  "version": 1
}
