{
  "object": {
    "pins": [
      {
        "package": "ActionsErrorDemoDependency",
        "repositoryURL": "https://github.com/macdrevx/ActionsErrorDemoDependency.git",
        "state": {
          "branch": "main",
          "revision": "e864e5a6812c696245b7539536eff151123d901a",
          "version": null
        }
      }
    ]
  },
  "version": 1
}
